
Microsoft Visual Studio Solution File, Format Version 12.00
# Visual Studio Version 16
VisualStudioVersion = 16.0.30907.101
MinimumVisualStudioVersion = 10.0.40219.1
Project("{FAE04EC0-301F-11D3-BF4B-00C04F79EFBC}") = "PhoneAPI", "PhoneAPI\PhoneAPI.csproj", "{FDC8CE50-8657-405E-AC5C-C622D654D7F9}"
EndProject
Global
	GlobalSection(SolutionConfigurationPlatforms) = preSolution
		Debug|Any CPU = Debug|Any CPU
		Release|Any CPU = Release|Any CPU
	EndGlobalSection
	GlobalSection(ProjectConfigurationPlatforms) = postSolution
		{FDC8CE50-8657-405E-AC5C-C622D654D7F9}.Debug|Any CPU.ActiveCfg = Debug|Any CPU
		{FDC8CE50-8657-405E-AC5C-C622D654D7F9}.Debug|Any CPU.Build.0 = Debug|Any CPU
		{FDC8CE50-8657-405E-AC5C-C622D654D7F9}.Release|Any CPU.ActiveCfg = Release|Any CPU
		{FDC8CE50-8657-405E-AC5C-C622D654D7F9}.Release|Any CPU.Build.0 = Release|Any CPU
	EndGlobalSection
	GlobalSection(SolutionProperties) = preSolution
		HideSolutionNode = FALSE
	EndGlobalSection
	GlobalSection(ExtensibilityGlobals) = postSolution
		SolutionGuid = {877A57A8-D626-4623-AE79-C67D21064D67}
	EndGlobalSection
EndGlobal
